
Microsoft Visual Studio Solution File, Format Version 12.00
# Visual Studio Version 17
VisualStudioVersion = 17.8.34525.116
MinimumVisualStudioVersion = 10.0.40219.1
Project("{FAE04EC0-301F-11D3-BF4B-00C04F79EFBC}") = "Kata.HotDrinks.Domain", "Kata.HotDrinks.Domain\Kata.HotDrinks.Domain.csproj", "{FF24F64E-1DBA-416E-8914-90C1E1E996C0}"
EndProject
Project("{FAE04EC0-301F-11D3-BF4B-00C04F79EFBC}") = "Kata.HotDrinks.DataAccess", "Kata.HotDrinks.DataAccess\Kata.HotDrinks.DataAccess.csproj", "{4434CD2E-991F-4127-ACB9-C807FDBFA097}"
	ProjectSection(ProjectDependencies) = postProject
		{FF24F64E-1DBA-416E-8914-90C1E1E996C0} = {FF24F64E-1DBA-416E-8914-90C1E1E996C0}
	EndProjectSection
EndProject
Project("{FAE04EC0-301F-11D3-BF4B-00C04F79EFBC}") = "Kata.HotDrinksDistributor.Web", "Kata.HotDrinksDistributor.Web\Kata.HotDrinksDistributor.Web.csproj", "{0C6278F0-6F80-4F6F-942A-2F6B1BC5C126}"
	ProjectSection(ProjectDependencies) = postProject
		{4434CD2E-991F-4127-ACB9-C807FDBFA097} = {4434CD2E-991F-4127-ACB9-C807FDBFA097}
		{FF24F64E-1DBA-416E-8914-90C1E1E996C0} = {FF24F64E-1DBA-416E-8914-90C1E1E996C0}
	EndProjectSection
EndProject
Global
	GlobalSection(SolutionConfigurationPlatforms) = preSolution
		Debug|Any CPU = Debug|Any CPU
		Release|Any CPU = Release|Any CPU
	EndGlobalSection
	GlobalSection(ProjectConfigurationPlatforms) = postSolution
		{FF24F64E-1DBA-416E-8914-90C1E1E996C0}.Debug|Any CPU.ActiveCfg = Debug|Any CPU
		{FF24F64E-1DBA-416E-8914-90C1E1E996C0}.Debug|Any CPU.Build.0 = Debug|Any CPU
		{FF24F64E-1DBA-416E-8914-90C1E1E996C0}.Release|Any CPU.ActiveCfg = Release|Any CPU
		{FF24F64E-1DBA-416E-8914-90C1E1E996C0}.Release|Any CPU.Build.0 = Release|Any CPU
		{4434CD2E-991F-4127-ACB9-C807FDBFA097}.Debug|Any CPU.ActiveCfg = Debug|Any CPU
		{4434CD2E-991F-4127-ACB9-C807FDBFA097}.Debug|Any CPU.Build.0 = Debug|Any CPU
		{4434CD2E-991F-4127-ACB9-C807FDBFA097}.Release|Any CPU.ActiveCfg = Release|Any CPU
		{4434CD2E-991F-4127-ACB9-C807FDBFA097}.Release|Any CPU.Build.0 = Release|Any CPU
		{0C6278F0-6F80-4F6F-942A-2F6B1BC5C126}.Debug|Any CPU.ActiveCfg = Debug|Any CPU
		{0C6278F0-6F80-4F6F-942A-2F6B1BC5C126}.Debug|Any CPU.Build.0 = Debug|Any CPU
		{0C6278F0-6F80-4F6F-942A-2F6B1BC5C126}.Release|Any CPU.ActiveCfg = Release|Any CPU
		{0C6278F0-6F80-4F6F-942A-2F6B1BC5C126}.Release|Any CPU.Build.0 = Release|Any CPU
	EndGlobalSection
	GlobalSection(SolutionProperties) = preSolution
		HideSolutionNode = FALSE
	EndGlobalSection
	GlobalSection(ExtensibilityGlobals) = postSolution
		SolutionGuid = {52070703-F84A-401C-A9CE-114F390C2E2B}
	EndGlobalSection
EndGlobal
